
Microsoft Visual Studio Solution File, Format Version 12.00
# Visual Studio Version 17
VisualStudioVersion = 17.11.35208.52
MinimumVisualStudioVersion = 10.0.40219.1
Project("{FAE04EC0-301F-11D3-BF4B-00C04F79EFBC}") = "centro_relativo", "centro_relativo.csproj", "{7AE6DD86-0164-467F-9A4E-499F23235F76}"
EndProject
Global
	GlobalSection(SolutionConfigurationPlatforms) = preSolution
		Debug|Any CPU = Debug|Any CPU
		Release|Any CPU = Release|Any CPU
	EndGlobalSection
	GlobalSection(ProjectConfigurationPlatforms) = postSolution
		{7AE6DD86-0164-467F-9A4E-499F23235F76}.Debug|Any CPU.ActiveCfg = Debug|Any CPU
		{7AE6DD86-0164-467F-9A4E-499F23235F76}.Debug|Any CPU.Build.0 = Debug|Any CPU
		{7AE6DD86-0164-467F-9A4E-499F23235F76}.Release|Any CPU.ActiveCfg = Release|Any CPU
		{7AE6DD86-0164-467F-9A4E-499F23235F76}.Release|Any CPU.Build.0 = Release|Any CPU
	EndGlobalSection
	GlobalSection(SolutionProperties) = preSolution
		HideSolutionNode = FALSE
	EndGlobalSection
	GlobalSection(ExtensibilityGlobals) = postSolution
		SolutionGuid = {9530F7D1-6907-49FA-AA57-FBD3BA7E9AF3}
	EndGlobalSection
EndGlobal
